// !$*UTF8*$!
{
	archiveVersion = 1;
	classes = {
	};
	objectVersion = 46;
	objects = {

/* Begin PBXBuildFile section */
		063F16D61ACD03B1005F9654 /* DOHomeView.m in Sources */ = {isa = PBXBuildFile; fileRef = 063F16D51ACD03B1005F9654 /* DOHomeView.m */; };
		063F16D91ACD03C2005F9654 /* DOProfileView.m in Sources */ = {isa = PBXBuildFile; fileRef = 063F16D81ACD03C2005F9654 /* DOProfileView.m */; };
		06BDD5BA1ABA898C006BBA7E /* main.m in Sources */ = {isa = PBXBuildFile; fileRef = 06BDD5B91ABA898C006BBA7E /* main.m */; };
		06BDD5BD1ABA898C006BBA7E /* AppDelegate.m in Sources */ = {isa = PBXBuildFile; fileRef = 06BDD5BC1ABA898C006BBA7E /* AppDelegate.m */; };
		06BDD5C51ABA898C006BBA7E /* Images.xcassets in Resources */ = {isa = PBXBuildFile; fileRef = 06BDD5C41ABA898C006BBA7E /* Images.xcassets */; };
		06BDD5D41ABA898C006BBA7E /* DrOttrTests.m in Sources */ = {isa = PBXBuildFile; fileRef = 06BDD5D31ABA898C006BBA7E /* DrOttrTests.m */; };
		06BDD5DF1ABA8C2F006BBA7E /* DORootViewController.m in Sources */ = {isa = PBXBuildFile; fileRef = 06BDD5DE1ABA8C2F006BBA7E /* DORootViewController.m */; };
		06BDD5E51ABA8F04006BBA7E /* DOTabBarController.m in Sources */ = {isa = PBXBuildFile; fileRef = 06BDD5E41ABA8F04006BBA7E /* DOTabBarController.m */; };
		06BDD5E81ABA8FBE006BBA7E /* DOHomeViewController.m in Sources */ = {isa = PBXBuildFile; fileRef = 06BDD5E71ABA8FBE006BBA7E /* DOHomeViewController.m */; };
		06BDD5EB1ABA8FE2006BBA7E /* DOProfileViewController.m in Sources */ = {isa = PBXBuildFile; fileRef = 06BDD5EA1ABA8FE2006BBA7E /* DOProfileViewController.m */; };
		06FAD97B1AD645AF000EBBEF /* UIView+DOExtensions.m in Sources */ = {isa = PBXBuildFile; fileRef = 06FAD97A1AD645AF000EBBEF /* UIView+DOExtensions.m */; };
		4C4D64479E9601238ADD2BDF /* libPods.a in Frameworks */ = {isa = PBXBuildFile; fileRef = 00B080DB2514E411C1100EC7 /* libPods.a */; };
		6E7342291ADA1118007778C4 /* LoginViewController.m in Sources */ = {isa = PBXBuildFile; fileRef = 6E7342271ADA1118007778C4 /* LoginViewController.m */; };
		6E73422C1ADA14C4007778C4 /* ParseUI.framework in Frameworks */ = {isa = PBXBuildFile; fileRef = 6E73422B1ADA14C4007778C4 /* ParseUI.framework */; };
		6E9198441ADA021E005BA1A3 /* Parse.framework in Frameworks */ = {isa = PBXBuildFile; fileRef = 6E9198431ADA021E005BA1A3 /* Parse.framework */; };
		6E9198461ADA0248005BA1A3 /* Accounts.framework in Frameworks */ = {isa = PBXBuildFile; fileRef = 6E9198451ADA0248005BA1A3 /* Accounts.framework */; };
		6E9198481ADA0250005BA1A3 /* AudioToolbox.framework in Frameworks */ = {isa = PBXBuildFile; fileRef = 6E9198471ADA0250005BA1A3 /* AudioToolbox.framework */; };
		6E91984A1ADA0256005BA1A3 /* CFNetwork.framework in Frameworks */ = {isa = PBXBuildFile; fileRef = 6E9198491ADA0256005BA1A3 /* CFNetwork.framework */; };
		6E91984C1ADA025E005BA1A3 /* CoreGraphics.framework in Frameworks */ = {isa = PBXBuildFile; fileRef = 6E91984B1ADA025E005BA1A3 /* CoreGraphics.framework */; };
		6E91984E1ADA0265005BA1A3 /* CoreLocation.framework in Frameworks */ = {isa = PBXBuildFile; fileRef = 6E91984D1ADA0265005BA1A3 /* CoreLocation.framework */; };
		6E9198501ADA0271005BA1A3 /* MobileCoreServices.framework in Frameworks */ = {isa = PBXBuildFile; fileRef = 6E91984F1ADA0271005BA1A3 /* MobileCoreServices.framework */; };
		6E9198521ADA027B005BA1A3 /* QuartzCore.framework in Frameworks */ = {isa = PBXBuildFile; fileRef = 6E9198511ADA027B005BA1A3 /* QuartzCore.framework */; };
		6E9198541ADA0283005BA1A3 /* Security.framework in Frameworks */ = {isa = PBXBuildFile; fileRef = 6E9198531ADA0283005BA1A3 /* Security.framework */; };
		6E9198561ADA028D005BA1A3 /* Social.framework in Frameworks */ = {isa = PBXBuildFile; fileRef = 6E9198551ADA028D005BA1A3 /* Social.framework */; };
		6E9198591ADA0296005BA1A3 /* StoreKit.framework in Frameworks */ = {isa = PBXBuildFile; fileRef = 6E9198571ADA0296005BA1A3 /* StoreKit.framework */; };
		6E91985A1ADA0296005BA1A3 /* SystemConfiguration.framework in Frameworks */ = {isa = PBXBuildFile; fileRef = 6E9198581ADA0296005BA1A3 /* SystemConfiguration.framework */; };
		6E91985C1ADA02B3005BA1A3 /* libz.dylib in Frameworks */ = {isa = PBXBuildFile; fileRef = 6E91985B1ADA02B3005BA1A3 /* libz.dylib */; };
		6E91985E1ADA02C6005BA1A3 /* libsqlite3.dylib in Frameworks */ = {isa = PBXBuildFile; fileRef = 6E91985D1ADA02C6005BA1A3 /* libsqlite3.dylib */; };
/* End PBXBuildFile section */

/* Begin PBXContainerItemProxy section */
		06BDD5CE1ABA898C006BBA7E /* PBXContainerItemProxy */ = {
			isa = PBXContainerItemProxy;
			containerPortal = 06BDD5AC1ABA898C006BBA7E /* Project object */;
			proxyType = 1;
			remoteGlobalIDString = 06BDD5B31ABA898C006BBA7E;
			remoteInfo = DrOttr;
		};
/* End PBXContainerItemProxy section */

/* Begin PBXFileReference section */
		00B080DB2514E411C1100EC7 /* libPods.a */ = {isa = PBXFileReference; explicitFileType = archive.ar; includeInIndex = 0; path = libPods.a; sourceTree = BUILT_PRODUCTS_DIR; };
		063F16D41ACD03B1005F9654 /* DOHomeView.h */ = {isa = PBXFileReference; fileEncoding = 4; lastKnownFileType = sourcecode.c.h; path = DOHomeView.h; sourceTree = "<group>"; };
		063F16D51ACD03B1005F9654 /* DOHomeView.m */ = {isa = PBXFileReference; fileEncoding = 4; lastKnownFileType = sourcecode.c.objc; path = DOHomeView.m; sourceTree = "<group>"; };
		063F16D71ACD03C2005F9654 /* DOProfileView.h */ = {isa = PBXFileReference; fileEncoding = 4; lastKnownFileType = sourcecode.c.h; path = DOProfileView.h; sourceTree = "<group>"; };
		063F16D81ACD03C2005F9654 /* DOProfileView.m */ = {isa = PBXFileReference; fileEncoding = 4; lastKnownFileType = sourcecode.c.objc; path = DOProfileView.m; sourceTree = "<group>"; };
		06BDD5B41ABA898C006BBA7E /* DrOttr.app */ = {isa = PBXFileReference; explicitFileType = wrapper.application; includeInIndex = 0; path = DrOttr.app; sourceTree = BUILT_PRODUCTS_DIR; };
		06BDD5B81ABA898C006BBA7E /* Info.plist */ = {isa = PBXFileReference; lastKnownFileType = text.plist.xml; path = Info.plist; sourceTree = "<group>"; };
		06BDD5B91ABA898C006BBA7E /* main.m */ = {isa = PBXFileReference; lastKnownFileType = sourcecode.c.objc; path = main.m; sourceTree = "<group>"; };
		06BDD5BB1ABA898C006BBA7E /* AppDelegate.h */ = {isa = PBXFileReference; lastKnownFileType = sourcecode.c.h; path = AppDelegate.h; sourceTree = "<group>"; };
		06BDD5BC1ABA898C006BBA7E /* AppDelegate.m */ = {isa = PBXFileReference; lastKnownFileType = sourcecode.c.objc; path = AppDelegate.m; sourceTree = "<group>"; };
		06BDD5C41ABA898C006BBA7E /* Images.xcassets */ = {isa = PBXFileReference; lastKnownFileType = folder.assetcatalog; path = Images.xcassets; sourceTree = "<group>"; };
		06BDD5CD1ABA898C006BBA7E /* DrOttrTests.xctest */ = {isa = PBXFileReference; explicitFileType = wrapper.cfbundle; includeInIndex = 0; path = DrOttrTests.xctest; sourceTree = BUILT_PRODUCTS_DIR; };
		06BDD5D21ABA898C006BBA7E /* Info.plist */ = {isa = PBXFileReference; lastKnownFileType = text.plist.xml; path = Info.plist; sourceTree = "<group>"; };
		06BDD5D31ABA898C006BBA7E /* DrOttrTests.m */ = {isa = PBXFileReference; lastKnownFileType = sourcecode.c.objc; path = DrOttrTests.m; sourceTree = "<group>"; };
		06BDD5DD1ABA8C2F006BBA7E /* DORootViewController.h */ = {isa = PBXFileReference; fileEncoding = 4; lastKnownFileType = sourcecode.c.h; path = DORootViewController.h; sourceTree = "<group>"; };
		06BDD5DE1ABA8C2F006BBA7E /* DORootViewController.m */ = {isa = PBXFileReference; fileEncoding = 4; lastKnownFileType = sourcecode.c.objc; path = DORootViewController.m; sourceTree = "<group>"; };
		06BDD5E31ABA8F04006BBA7E /* DOTabBarController.h */ = {isa = PBXFileReference; fileEncoding = 4; lastKnownFileType = sourcecode.c.h; path = DOTabBarController.h; sourceTree = "<group>"; };
		06BDD5E41ABA8F04006BBA7E /* DOTabBarController.m */ = {isa = PBXFileReference; fileEncoding = 4; lastKnownFileType = sourcecode.c.objc; path = DOTabBarController.m; sourceTree = "<group>"; };
		06BDD5E61ABA8FBE006BBA7E /* DOHomeViewController.h */ = {isa = PBXFileReference; fileEncoding = 4; lastKnownFileType = sourcecode.c.h; path = DOHomeViewController.h; sourceTree = "<group>"; };
		06BDD5E71ABA8FBE006BBA7E /* DOHomeViewController.m */ = {isa = PBXFileReference; fileEncoding = 4; lastKnownFileType = sourcecode.c.objc; path = DOHomeViewController.m; sourceTree = "<group>"; };
		06BDD5E91ABA8FE2006BBA7E /* DOProfileViewController.h */ = {isa = PBXFileReference; fileEncoding = 4; lastKnownFileType = sourcecode.c.h; path = DOProfileViewController.h; sourceTree = "<group>"; };
		06BDD5EA1ABA8FE2006BBA7E /* DOProfileViewController.m */ = {isa = PBXFileReference; fileEncoding = 4; lastKnownFileType = sourcecode.c.objc; path = DOProfileViewController.m; sourceTree = "<group>"; };
		06FAD9791AD645AF000EBBEF /* UIView+DOExtensions.h */ = {isa = PBXFileReference; fileEncoding = 4; lastKnownFileType = sourcecode.c.h; path = "UIView+DOExtensions.h"; sourceTree = "<group>"; };
		06FAD97A1AD645AF000EBBEF /* UIView+DOExtensions.m */ = {isa = PBXFileReference; fileEncoding = 4; lastKnownFileType = sourcecode.c.objc; path = "UIView+DOExtensions.m"; sourceTree = "<group>"; };
		06FAD97E1AD646A9000EBBEF /* UIExtensions.h */ = {isa = PBXFileReference; fileEncoding = 4; lastKnownFileType = sourcecode.c.h; name = UIExtensions.h; path = ../UIExtensions.h; sourceTree = "<group>"; };
		06FAD97F1AD64B31000EBBEF /* DOProperties.h */ = {isa = PBXFileReference; fileEncoding = 4; lastKnownFileType = sourcecode.c.h; path = DOProperties.h; sourceTree = "<group>"; };
		071480149252DB53D0BF2C58 /* Pods.release.xcconfig */ = {isa = PBXFileReference; includeInIndex = 1; lastKnownFileType = text.xcconfig; name = Pods.release.xcconfig; path = "Pods/Target Support Files/Pods/Pods.release.xcconfig"; sourceTree = "<group>"; };
		51FA068661E9AFE8335350D2 /* Pods.debug.xcconfig */ = {isa = PBXFileReference; includeInIndex = 1; lastKnownFileType = text.xcconfig; name = Pods.debug.xcconfig; path = "Pods/Target Support Files/Pods/Pods.debug.xcconfig"; sourceTree = "<group>"; };
		6E7342261ADA1118007778C4 /* LoginViewController.h */ = {isa = PBXFileReference; fileEncoding = 4; lastKnownFileType = sourcecode.c.h; path = LoginViewController.h; sourceTree = "<group>"; };
		6E7342271ADA1118007778C4 /* LoginViewController.m */ = {isa = PBXFileReference; fileEncoding = 4; lastKnownFileType = sourcecode.c.objc; path = LoginViewController.m; sourceTree = "<group>"; };
		6E73422B1ADA14C4007778C4 /* ParseUI.framework */ = {isa = PBXFileReference; lastKnownFileType = wrapper.framework; path = ParseUI.framework; sourceTree = "<group>"; };
		6E9198431ADA021E005BA1A3 /* Parse.framework */ = {isa = PBXFileReference; lastKnownFileType = wrapper.framework; path = Parse.framework; sourceTree = "<group>"; };
		6E9198451ADA0248005BA1A3 /* Accounts.framework */ = {isa = PBXFileReference; lastKnownFileType = wrapper.framework; name = Accounts.framework; path = System/Library/Frameworks/Accounts.framework; sourceTree = SDKROOT; };
		6E9198471ADA0250005BA1A3 /* AudioToolbox.framework */ = {isa = PBXFileReference; lastKnownFileType = wrapper.framework; name = AudioToolbox.framework; path = System/Library/Frameworks/AudioToolbox.framework; sourceTree = SDKROOT; };
		6E9198491ADA0256005BA1A3 /* CFNetwork.framework */ = {isa = PBXFileReference; lastKnownFileType = wrapper.framework; name = CFNetwork.framework; path = System/Library/Frameworks/CFNetwork.framework; sourceTree = SDKROOT; };
		6E91984B1ADA025E005BA1A3 /* CoreGraphics.framework */ = {isa = PBXFileReference; lastKnownFileType = wrapper.framework; name = CoreGraphics.framework; path = System/Library/Frameworks/CoreGraphics.framework; sourceTree = SDKROOT; };
		6E91984D1ADA0265005BA1A3 /* CoreLocation.framework */ = {isa = PBXFileReference; lastKnownFileType = wrapper.framework; name = CoreLocation.framework; path = System/Library/Frameworks/CoreLocation.framework; sourceTree = SDKROOT; };
		6E91984F1ADA0271005BA1A3 /* MobileCoreServices.framework */ = {isa = PBXFileReference; lastKnownFileType = wrapper.framework; name = MobileCoreServices.framework; path = System/Library/Frameworks/MobileCoreServices.framework; sourceTree = SDKROOT; };
		6E9198511ADA027B005BA1A3 /* QuartzCore.framework */ = {isa = PBXFileReference; lastKnownFileType = wrapper.framework; name = QuartzCore.framework; path = System/Library/Frameworks/QuartzCore.framework; sourceTree = SDKROOT; };
		6E9198531ADA0283005BA1A3 /* Security.framework */ = {isa = PBXFileReference; lastKnownFileType = wrapper.framework; name = Security.framework; path = System/Library/Frameworks/Security.framework; sourceTree = SDKROOT; };
		6E9198551ADA028D005BA1A3 /* Social.framework */ = {isa = PBXFileReference; lastKnownFileType = wrapper.framework; name = Social.framework; path = System/Library/Frameworks/Social.framework; sourceTree = SDKROOT; };
		6E9198571ADA0296005BA1A3 /* StoreKit.framework */ = {isa = PBXFileReference; lastKnownFileType = wrapper.framework; name = StoreKit.framework; path = System/Library/Frameworks/StoreKit.framework; sourceTree = SDKROOT; };
		6E9198581ADA0296005BA1A3 /* SystemConfiguration.framework */ = {isa = PBXFileReference; lastKnownFileType = wrapper.framework; name = SystemConfiguration.framework; path = System/Library/Frameworks/SystemConfiguration.framework; sourceTree = SDKROOT; };
		6E91985B1ADA02B3005BA1A3 /* libz.dylib */ = {isa = PBXFileReference; lastKnownFileType = "compiled.mach-o.dylib"; name = libz.dylib; path = usr/lib/libz.dylib; sourceTree = SDKROOT; };
		6E91985D1ADA02C6005BA1A3 /* libsqlite3.dylib */ = {isa = PBXFileReference; lastKnownFileType = "compiled.mach-o.dylib"; name = libsqlite3.dylib; path = usr/lib/libsqlite3.dylib; sourceTree = SDKROOT; };
/* End PBXFileReference section */

/* Begin PBXFrameworksBuildPhase section */
		06BDD5B11ABA898C006BBA7E /* Frameworks */ = {
			isa = PBXFrameworksBuildPhase;
			buildActionMask = 2147483647;
			files = (
				6E91985E1ADA02C6005BA1A3 /* libsqlite3.dylib in Frameworks */,
				6E91985C1ADA02B3005BA1A3 /* libz.dylib in Frameworks */,
				6E9198591ADA0296005BA1A3 /* StoreKit.framework in Frameworks */,
				6E91985A1ADA0296005BA1A3 /* SystemConfiguration.framework in Frameworks */,
				6E9198561ADA028D005BA1A3 /* Social.framework in Frameworks */,
				6E9198541ADA0283005BA1A3 /* Security.framework in Frameworks */,
				6E73422C1ADA14C4007778C4 /* ParseUI.framework in Frameworks */,
				6E9198521ADA027B005BA1A3 /* QuartzCore.framework in Frameworks */,
				6E9198501ADA0271005BA1A3 /* MobileCoreServices.framework in Frameworks */,
				6E91984E1ADA0265005BA1A3 /* CoreLocation.framework in Frameworks */,
				6E91984C1ADA025E005BA1A3 /* CoreGraphics.framework in Frameworks */,
				6E91984A1ADA0256005BA1A3 /* CFNetwork.framework in Frameworks */,
				6E9198481ADA0250005BA1A3 /* AudioToolbox.framework in Frameworks */,
				6E9198461ADA0248005BA1A3 /* Accounts.framework in Frameworks */,
				6E9198441ADA021E005BA1A3 /* Parse.framework in Frameworks */,
				4C4D64479E9601238ADD2BDF /* libPods.a in Frameworks */,
			);
			runOnlyForDeploymentPostprocessing = 0;
		};
		06BDD5CA1ABA898C006BBA7E /* Frameworks */ = {
			isa = PBXFrameworksBuildPhase;
			buildActionMask = 2147483647;
			files = (
			);
			runOnlyForDeploymentPostprocessing = 0;
		};
/* End PBXFrameworksBuildPhase section */

/* Begin PBXGroup section */
		06BDD5AB1ABA898C006BBA7E = {
			isa = PBXGroup;
			children = (
				06BDD5B61ABA898C006BBA7E /* DrOttr */,
				06BDD5D01ABA898C006BBA7E /* DrOttrTests */,
				06BDD5B51ABA898C006BBA7E /* Products */,
				44CE7170B19442708E6AA7D8 /* Pods */,
				8AC952B9B5EEBB11C63A9B91 /* Frameworks */,
			);
			sourceTree = "<group>";
		};
		06BDD5B51ABA898C006BBA7E /* Products */ = {
			isa = PBXGroup;
			children = (
				06BDD5B41ABA898C006BBA7E /* DrOttr.app */,
				06BDD5CD1ABA898C006BBA7E /* DrOttrTests.xctest */,
			);
			name = Products;
			sourceTree = "<group>";
		};
		06BDD5B61ABA898C006BBA7E /* DrOttr */ = {
			isa = PBXGroup;
			children = (
				06FAD97E1AD646A9000EBBEF /* UIExtensions.h */,
				06FAD9791AD645AF000EBBEF /* UIView+DOExtensions.h */,
				06FAD97F1AD64B31000EBBEF /* DOProperties.h */,
				06FAD97A1AD645AF000EBBEF /* UIView+DOExtensions.m */,
				06BDD5E31ABA8F04006BBA7E /* DOTabBarController.h */,
				06BDD5E41ABA8F04006BBA7E /* DOTabBarController.m */,
				6E7342261ADA1118007778C4 /* LoginViewController.h */,
				6E7342271ADA1118007778C4 /* LoginViewController.m */,
				06BDD5E61ABA8FBE006BBA7E /* DOHomeViewController.h */,
				06BDD5E71ABA8FBE006BBA7E /* DOHomeViewController.m */,
				063F16D41ACD03B1005F9654 /* DOHomeView.h */,
				063F16D51ACD03B1005F9654 /* DOHomeView.m */,
				063F16D71ACD03C2005F9654 /* DOProfileView.h */,
				063F16D81ACD03C2005F9654 /* DOProfileView.m */,
				06BDD5E91ABA8FE2006BBA7E /* DOProfileViewController.h */,
				06BDD5EA1ABA8FE2006BBA7E /* DOProfileViewController.m */,
				06BDD5BB1ABA898C006BBA7E /* AppDelegate.h */,
				06BDD5BC1ABA898C006BBA7E /* AppDelegate.m */,
				06BDD5DD1ABA8C2F006BBA7E /* DORootViewController.h */,
				06BDD5DE1ABA8C2F006BBA7E /* DORootViewController.m */,
				06BDD5C41ABA898C006BBA7E /* Images.xcassets */,
				06BDD5B71ABA898C006BBA7E /* Supporting Files */,
			);
			path = DrOttr;
			sourceTree = "<group>";
		};
		06BDD5B71ABA898C006BBA7E /* Supporting Files */ = {
			isa = PBXGroup;
			children = (
				06BDD5B81ABA898C006BBA7E /* Info.plist */,
				06BDD5B91ABA898C006BBA7E /* main.m */,
			);
			name = "Supporting Files";
			sourceTree = "<group>";
		};
		06BDD5D01ABA898C006BBA7E /* DrOttrTests */ = {
			isa = PBXGroup;
			children = (
				06BDD5D31ABA898C006BBA7E /* DrOttrTests.m */,
				06BDD5D11ABA898C006BBA7E /* Supporting Files */,
			);
			path = DrOttrTests;
			sourceTree = "<group>";
		};
		06BDD5D11ABA898C006BBA7E /* Supporting Files */ = {
			isa = PBXGroup;
			children = (
				06BDD5D21ABA898C006BBA7E /* Info.plist */,
			);
			name = "Supporting Files";
			sourceTree = "<group>";
		};
		44CE7170B19442708E6AA7D8 /* Pods */ = {
			isa = PBXGroup;
			children = (
				51FA068661E9AFE8335350D2 /* Pods.debug.xcconfig */,
				071480149252DB53D0BF2C58 /* Pods.release.xcconfig */,
			);
			name = Pods;
			sourceTree = "<group>";
		};
		8AC952B9B5EEBB11C63A9B91 /* Frameworks */ = {
			isa = PBXGroup;
			children = (
				6E91985D1ADA02C6005BA1A3 /* libsqlite3.dylib */,
				6E91985B1ADA02B3005BA1A3 /* libz.dylib */,
				6E73422B1ADA14C4007778C4 /* ParseUI.framework */,
				6E9198571ADA0296005BA1A3 /* StoreKit.framework */,
				6E9198581ADA0296005BA1A3 /* SystemConfiguration.framework */,
				6E9198551ADA028D005BA1A3 /* Social.framework */,
				6E9198531ADA0283005BA1A3 /* Security.framework */,
				6E9198511ADA027B005BA1A3 /* QuartzCore.framework */,
				6E91984F1ADA0271005BA1A3 /* MobileCoreServices.framework */,
				6E91984D1ADA0265005BA1A3 /* CoreLocation.framework */,
				6E91984B1ADA025E005BA1A3 /* CoreGraphics.framework */,
				6E9198491ADA0256005BA1A3 /* CFNetwork.framework */,
				6E9198471ADA0250005BA1A3 /* AudioToolbox.framework */,
				6E9198451ADA0248005BA1A3 /* Accounts.framework */,
				6E9198431ADA021E005BA1A3 /* Parse.framework */,
				00B080DB2514E411C1100EC7 /* libPods.a */,
			);
			name = Frameworks;
			sourceTree = "<group>";
		};
/* End PBXGroup section */

/* Begin PBXNativeTarget section */
		06BDD5B31ABA898C006BBA7E /* DrOttr */ = {
			isa = PBXNativeTarget;
			buildConfigurationList = 06BDD5D71ABA898C006BBA7E /* Build configuration list for PBXNativeTarget "DrOttr" */;
			buildPhases = (
				A895BBA4BFFEF1B43542B91C /* Check Pods Manifest.lock */,
				06BDD5B01ABA898C006BBA7E /* Sources */,
				06BDD5B11ABA898C006BBA7E /* Frameworks */,
				06BDD5B21ABA898C006BBA7E /* Resources */,
				CDF7D29BFB0F61737AE18185 /* Copy Pods Resources */,
			);
			buildRules = (
			);
			dependencies = (
			);
			name = DrOttr;
			productName = DrOttr;
			productReference = 06BDD5B41ABA898C006BBA7E /* DrOttr.app */;
			productType = "com.apple.product-type.application";
		};
		06BDD5CC1ABA898C006BBA7E /* DrOttrTests */ = {
			isa = PBXNativeTarget;
			buildConfigurationList = 06BDD5DA1ABA898C006BBA7E /* Build configuration list for PBXNativeTarget "DrOttrTests" */;
			buildPhases = (
				06BDD5C91ABA898C006BBA7E /* Sources */,
				06BDD5CA1ABA898C006BBA7E /* Frameworks */,
				06BDD5CB1ABA898C006BBA7E /* Resources */,
			);
			buildRules = (
			);
			dependencies = (
				06BDD5CF1ABA898C006BBA7E /* PBXTargetDependency */,
			);
			name = DrOttrTests;
			productName = DrOttrTests;
			productReference = 06BDD5CD1ABA898C006BBA7E /* DrOttrTests.xctest */;
			productType = "com.apple.product-type.bundle.unit-test";
		};
/* End PBXNativeTarget section */

/* Begin PBXProject section */
		06BDD5AC1ABA898C006BBA7E /* Project object */ = {
			isa = PBXProject;
			attributes = {
				LastUpgradeCheck = 0610;
				ORGANIZATIONNAME = "Jordeen Chang";
				TargetAttributes = {
					06BDD5B31ABA898C006BBA7E = {
						CreatedOnToolsVersion = 6.1.1;
					};
					06BDD5CC1ABA898C006BBA7E = {
						CreatedOnToolsVersion = 6.1.1;
						TestTargetID = 06BDD5B31ABA898C006BBA7E;
					};
				};
			};
			buildConfigurationList = 06BDD5AF1ABA898C006BBA7E /* Build configuration list for PBXProject "DrOttr" */;
			compatibilityVersion = "Xcode 3.2";
			developmentRegion = English;
			hasScannedForEncodings = 0;
			knownRegions = (
				en,
				Base,
			);
			mainGroup = 06BDD5AB1ABA898C006BBA7E;
			productRefGroup = 06BDD5B51ABA898C006BBA7E /* Products */;
			projectDirPath = "";
			projectRoot = "";
			targets = (
				06BDD5B31ABA898C006BBA7E /* DrOttr */,
				06BDD5CC1ABA898C006BBA7E /* DrOttrTests */,
			);
		};
/* End PBXProject section */

/* Begin PBXResourcesBuildPhase section */
		06BDD5B21ABA898C006BBA7E /* Resources */ = {
			isa = PBXResourcesBuildPhase;
			buildActionMask = 2147483647;
			files = (
				06BDD5C51ABA898C006BBA7E /* Images.xcassets in Resources */,
			);
			runOnlyForDeploymentPostprocessing = 0;
		};
		06BDD5CB1ABA898C006BBA7E /* Resources */ = {
			isa = PBXResourcesBuildPhase;
			buildActionMask = 2147483647;
			files = (
			);
			runOnlyForDeploymentPostprocessing = 0;
		};
/* End PBXResourcesBuildPhase section */

/* Begin PBXShellScriptBuildPhase section */
		A895BBA4BFFEF1B43542B91C /* Check Pods Manifest.lock */ = {
			isa = PBXShellScriptBuildPhase;
			buildActionMask = 2147483647;
			files = (
			);
			inputPaths = (
			);
			name = "Check Pods Manifest.lock";
			outputPaths = (
			);
			runOnlyForDeploymentPostprocessing = 0;
			shellPath = /bin/sh;
			shellScript = "diff \"${PODS_ROOT}/../Podfile.lock\" \"${PODS_ROOT}/Manifest.lock\" > /dev/null\nif [[ $? != 0 ]] ; then\n    cat << EOM\nerror: The sandbox is not in sync with the Podfile.lock. Run 'pod install' or update your CocoaPods installation.\nEOM\n    exit 1\nfi\n";
			showEnvVarsInLog = 0;
		};
		CDF7D29BFB0F61737AE18185 /* Copy Pods Resources */ = {
			isa = PBXShellScriptBuildPhase;
			buildActionMask = 2147483647;
			files = (
			);
			inputPaths = (
			);
			name = "Copy Pods Resources";
			outputPaths = (
			);
			runOnlyForDeploymentPostprocessing = 0;
			shellPath = /bin/sh;
			shellScript = "\"${SRCROOT}/Pods/Target Support Files/Pods/Pods-resources.sh\"\n";
			showEnvVarsInLog = 0;
		};
/* End PBXShellScriptBuildPhase section */

/* Begin PBXSourcesBuildPhase section */
		06BDD5B01ABA898C006BBA7E /* Sources */ = {
			isa = PBXSourcesBuildPhase;
			buildActionMask = 2147483647;
			files = (
				06FAD97B1AD645AF000EBBEF /* UIView+DOExtensions.m in Sources */,
				06BDD5BD1ABA898C006BBA7E /* AppDelegate.m in Sources */,
				063F16D91ACD03C2005F9654 /* DOProfileView.m in Sources */,
				06BDD5BA1ABA898C006BBA7E /* main.m in Sources */,
				6E7342291ADA1118007778C4 /* LoginViewController.m in Sources */,
				06BDD5E81ABA8FBE006BBA7E /* DOHomeViewController.m in Sources */,
				063F16D61ACD03B1005F9654 /* DOHomeView.m in Sources */,
				06BDD5E51ABA8F04006BBA7E /* DOTabBarController.m in Sources */,
				06BDD5DF1ABA8C2F006BBA7E /* DORootViewController.m in Sources */,
				06BDD5EB1ABA8FE2006BBA7E /* DOProfileViewController.m in Sources */,
			);
			runOnlyForDeploymentPostprocessing = 0;
		};
		06BDD5C91ABA898C006BBA7E /* Sources */ = {
			isa = PBXSourcesBuildPhase;
			buildActionMask = 2147483647;
			files = (
				06BDD5D41ABA898C006BBA7E /* DrOttrTests.m in Sources */,
			);
			runOnlyForDeploymentPostprocessing = 0;
		};
/* End PBXSourcesBuildPhase section */

/* Begin PBXTargetDependency section */
		06BDD5CF1ABA898C006BBA7E /* PBXTargetDependency */ = {
			isa = PBXTargetDependency;
			target = 06BDD5B31ABA898C006BBA7E /* DrOttr */;
			targetProxy = 06BDD5CE1ABA898C006BBA7E /* PBXContainerItemProxy */;
		};
/* End PBXTargetDependency section */

/* Begin XCBuildConfiguration section */
		06BDD5D51ABA898C006BBA7E /* Debug */ = {
			isa = XCBuildConfiguration;
			buildSettings = {
				ALWAYS_SEARCH_USER_PATHS = NO;
				CLANG_CXX_LANGUAGE_STANDARD = "gnu++0x";
				CLANG_CXX_LIBRARY = "libc++";
				CLANG_ENABLE_MODULES = YES;
				CLANG_ENABLE_OBJC_ARC = YES;
				CLANG_WARN_BOOL_CONVERSION = YES;
				CLANG_WARN_CONSTANT_CONVERSION = YES;
				CLANG_WARN_DIRECT_OBJC_ISA_USAGE = YES_ERROR;
				CLANG_WARN_EMPTY_BODY = YES;
				CLANG_WARN_ENUM_CONVERSION = YES;
				CLANG_WARN_INT_CONVERSION = YES;
				CLANG_WARN_OBJC_ROOT_CLASS = YES_ERROR;
				CLANG_WARN_UNREACHABLE_CODE = YES;
				CLANG_WARN__DUPLICATE_METHOD_MATCH = YES;
				"CODE_SIGN_IDENTITY[sdk=iphoneos*]" = "iPhone Developer";
				COPY_PHASE_STRIP = NO;
				ENABLE_STRICT_OBJC_MSGSEND = YES;
				GCC_C_LANGUAGE_STANDARD = gnu99;
				GCC_DYNAMIC_NO_PIC = NO;
				GCC_OPTIMIZATION_LEVEL = 0;
				GCC_PREPROCESSOR_DEFINITIONS = (
					"DEBUG=1",
					"$(inherited)",
				);
				GCC_SYMBOLS_PRIVATE_EXTERN = NO;
				GCC_WARN_64_TO_32_BIT_CONVERSION = YES;
				GCC_WARN_ABOUT_RETURN_TYPE = YES_ERROR;
				GCC_WARN_UNDECLARED_SELECTOR = YES;
				GCC_WARN_UNINITIALIZED_AUTOS = YES_AGGRESSIVE;
				GCC_WARN_UNUSED_FUNCTION = YES;
				GCC_WARN_UNUSED_VARIABLE = YES;
				IPHONEOS_DEPLOYMENT_TARGET = 8.1;
				MTL_ENABLE_DEBUG_INFO = YES;
				ONLY_ACTIVE_ARCH = YES;
				SDKROOT = iphoneos;
			};
			name = Debug;
		};
		06BDD5D61ABA898C006BBA7E /* Release */ = {
			isa = XCBuildConfiguration;
			buildSettings = {
				ALWAYS_SEARCH_USER_PATHS = NO;
				CLANG_CXX_LANGUAGE_STANDARD = "gnu++0x";
				CLANG_CXX_LIBRARY = "libc++";
				CLANG_ENABLE_MODULES = YES;
				CLANG_ENABLE_OBJC_ARC = YES;
				CLANG_WARN_BOOL_CONVERSION = YES;
				CLANG_WARN_CONSTANT_CONVERSION = YES;
				CLANG_WARN_DIRECT_OBJC_ISA_USAGE = YES_ERROR;
				CLANG_WARN_EMPTY_BODY = YES;
				CLANG_WARN_ENUM_CONVERSION = YES;
				CLANG_WARN_INT_CONVERSION = YES;
				CLANG_WARN_OBJC_ROOT_CLASS = YES_ERROR;
				CLANG_WARN_UNREACHABLE_CODE = YES;
				CLANG_WARN__DUPLICATE_METHOD_MATCH = YES;
				"CODE_SIGN_IDENTITY[sdk=iphoneos*]" = "iPhone Developer";
				COPY_PHASE_STRIP = YES;
				ENABLE_NS_ASSERTIONS = NO;
				ENABLE_STRICT_OBJC_MSGSEND = YES;
				GCC_C_LANGUAGE_STANDARD = gnu99;
				GCC_WARN_64_TO_32_BIT_CONVERSION = YES;
				GCC_WARN_ABOUT_RETURN_TYPE = YES_ERROR;
				GCC_WARN_UNDECLARED_SELECTOR = YES;
				GCC_WARN_UNINITIALIZED_AUTOS = YES_AGGRESSIVE;
				GCC_WARN_UNUSED_FUNCTION = YES;
				GCC_WARN_UNUSED_VARIABLE = YES;
				IPHONEOS_DEPLOYMENT_TARGET = 8.1;
				MTL_ENABLE_DEBUG_INFO = NO;
				SDKROOT = iphoneos;
				VALIDATE_PRODUCT = YES;
			};
			name = Release;
		};
		06BDD5D81ABA898C006BBA7E /* Debug */ = {
			isa = XCBuildConfiguration;
			baseConfigurationReference = 51FA068661E9AFE8335350D2 /* Pods.debug.xcconfig */;
			buildSettings = {
				ASSETCATALOG_COMPILER_APPICON_NAME = AppIcon;
				ASSETCATALOG_COMPILER_LAUNCHIMAGE_NAME = "LaunchImage-2";
				FRAMEWORK_SEARCH_PATHS = (
					"$(inherited)",
					"$(PROJECT_DIR)",
				);
				INFOPLIST_FILE = DrOttr/Info.plist;
				IPHONEOS_DEPLOYMENT_TARGET = 7.0;
				LD_RUNPATH_SEARCH_PATHS = "$(inherited) @executable_path/Frameworks";
				PRODUCT_NAME = "$(TARGET_NAME)";
			};
			name = Debug;
		};
		06BDD5D91ABA898C006BBA7E /* Release */ = {
			isa = XCBuildConfiguration;
			baseConfigurationReference = 071480149252DB53D0BF2C58 /* Pods.release.xcconfig */;
			buildSettings = {
				ASSETCATALOG_COMPILER_APPICON_NAME = AppIcon;
				ASSETCATALOG_COMPILER_LAUNCHIMAGE_NAME = "LaunchImage-2";
				FRAMEWORK_SEARCH_PATHS = (
					"$(inherited)",
					"$(PROJECT_DIR)",
				);
				INFOPLIST_FILE = DrOttr/Info.plist;
				IPHONEOS_DEPLOYMENT_TARGET = 7.0;
				LD_RUNPATH_SEARCH_PATHS = "$(inherited) @executable_path/Frameworks";
				PRODUCT_NAME = "$(TARGET_NAME)";
			};
			name = Release;
		};
		06BDD5DB1ABA898C006BBA7E /* Debug */ = {
			isa = XCBuildConfiguration;
			buildSettings = {
				BUNDLE_LOADER = "$(TEST_HOST)";
				FRAMEWORK_SEARCH_PATHS = (
					"$(SDKROOT)/Developer/Library/Frameworks",
					"$(inherited)",
				);
				GCC_PREPROCESSOR_DEFINITIONS = (
					"DEBUG=1",
					"$(inherited)",
				);
				INFOPLIST_FILE = DrOttrTests/Info.plist;
				LD_RUNPATH_SEARCH_PATHS = "$(inherited) @executable_path/Frameworks @loader_path/Frameworks";
				PRODUCT_NAME = "$(TARGET_NAME)";
				TEST_HOST = "$(BUILT_PRODUCTS_DIR)/DrOttr.app/DrOttr";
			};
			name = Debug;
		};
		06BDD5DC1ABA898C006BBA7E /* Release */ = {
			isa = XCBuildConfiguration;
			buildSettings = {
				BUNDLE_LOADER = "$(TEST_HOST)";
				FRAMEWORK_SEARCH_PATHS = (
					"$(SDKROOT)/Developer/Library/Frameworks",
					"$(inherited)",
				);
				INFOPLIST_FILE = DrOttrTests/Info.plist;
				LD_RUNPATH_SEARCH_PATHS = "$(inherited) @executable_path/Frameworks @loader_path/Frameworks";
				PRODUCT_NAME = "$(TARGET_NAME)";
				TEST_HOST = "$(BUILT_PRODUCTS_DIR)/DrOttr.app/DrOttr";
			};
			name = Release;
		};
/* End XCBuildConfiguration section */

/* Begin XCConfigurationList section */
		06BDD5AF1ABA898C006BBA7E /* Build configuration list for PBXProject "DrOttr" */ = {
			isa = XCConfigurationList;
			buildConfigurations = (
				06BDD5D51ABA898C006BBA7E /* Debug */,
				06BDD5D61ABA898C006BBA7E /* Release */,
			);
			defaultConfigurationIsVisible = 0;
			defaultConfigurationName = Release;
		};
		06BDD5D71ABA898C006BBA7E /* Build configuration list for PBXNativeTarget "DrOttr" */ = {
			isa = XCConfigurationList;
			buildConfigurations = (
				06BDD5D81ABA898C006BBA7E /* Debug */,
				06BDD5D91ABA898C006BBA7E /* Release */,
			);
			defaultConfigurationIsVisible = 0;
			defaultConfigurationName = Release;
		};
		06BDD5DA1ABA898C006BBA7E /* Build configuration list for PBXNativeTarget "DrOttrTests" */ = {
			isa = XCConfigurationList;
			buildConfigurations = (
				06BDD5DB1ABA898C006BBA7E /* Debug */,
				06BDD5DC1ABA898C006BBA7E /* Release */,
			);
			defaultConfigurationIsVisible = 0;
			defaultConfigurationName = Release;
		};
/* End XCConfigurationList section */
	};
	rootObject = 06BDD5AC1ABA898C006BBA7E /* Project object */;
}
